
Microsoft Visual Studio Solution File, Format Version 12.00
# Visual Studio Version 17
VisualStudioVersion = 17.8.34511.84
MinimumVisualStudioVersion = 10.0.40219.1
Project("{FAE04EC0-301F-11D3-BF4B-00C04F79EFBC}") = "DotNetWebSearchAnalyticsWebPortal.Server", "DotNetWebSearchAnalyticsWebPortal.Server\DotNetWebSearchAnalyticsWebPortal.Server.csproj", "{20F6E58A-565C-4223-AB82-C763561B8744}"
EndProject
Project("{54A90642-561A-4BB1-A94E-469ADEE60C69}") = "dotnetwebsearchanalyticswebportal.client", "dotnetwebsearchanalyticswebportal.client\dotnetwebsearchanalyticswebportal.client.esproj", "{973F46FC-E5E4-4A44-A0F3-40A9222D26A9}"
EndProject
Global
	GlobalSection(SolutionConfigurationPlatforms) = preSolution
		Debug|Any CPU = Debug|Any CPU
		Release|Any CPU = Release|Any CPU
	EndGlobalSection
	GlobalSection(ProjectConfigurationPlatforms) = postSolution
		{20F6E58A-565C-4223-AB82-C763561B8744}.Debug|Any CPU.ActiveCfg = Debug|Any CPU
		{20F6E58A-565C-4223-AB82-C763561B8744}.Debug|Any CPU.Build.0 = Debug|Any CPU
		{20F6E58A-565C-4223-AB82-C763561B8744}.Release|Any CPU.ActiveCfg = Release|Any CPU
		{20F6E58A-565C-4223-AB82-C763561B8744}.Release|Any CPU.Build.0 = Release|Any CPU
		{973F46FC-E5E4-4A44-A0F3-40A9222D26A9}.Debug|Any CPU.ActiveCfg = Debug|Any CPU
		{973F46FC-E5E4-4A44-A0F3-40A9222D26A9}.Debug|Any CPU.Build.0 = Debug|Any CPU
		{973F46FC-E5E4-4A44-A0F3-40A9222D26A9}.Debug|Any CPU.Deploy.0 = Debug|Any CPU
		{973F46FC-E5E4-4A44-A0F3-40A9222D26A9}.Release|Any CPU.ActiveCfg = Release|Any CPU
		{973F46FC-E5E4-4A44-A0F3-40A9222D26A9}.Release|Any CPU.Build.0 = Release|Any CPU
		{973F46FC-E5E4-4A44-A0F3-40A9222D26A9}.Release|Any CPU.Deploy.0 = Release|Any CPU
	EndGlobalSection
	GlobalSection(SolutionProperties) = preSolution
		HideSolutionNode = FALSE
	EndGlobalSection
	GlobalSection(ExtensibilityGlobals) = postSolution
		SolutionGuid = {9854E816-7994-4754-A8AF-5C6BB3A24465}
	EndGlobalSection
EndGlobal
